
Microsoft Visual Studio Solution File, Format Version 12.00
# Visual Studio Version 16
VisualStudioVersion = 16.0.30907.101
MinimumVisualStudioVersion = 10.0.40219.1
Project("{9A19103F-16F7-4668-BE54-9A1E7A4F7556}") = "BlazorFirst.Server", "BlazorFirst\Server\BlazorFirst.Server.csproj", "{DA3B2668-7B8D-4DA0-9382-C29B347B8C5D}"
EndProject
Project("{9A19103F-16F7-4668-BE54-9A1E7A4F7556}") = "BlazorFirst.Client", "BlazorFirst\Client\BlazorFirst.Client.csproj", "{AD572921-C2AA-44DB-82FE-074416A75F36}"
EndProject
Project("{9A19103F-16F7-4668-BE54-9A1E7A4F7556}") = "BlazorFirst.Shared", "BlazorFirst\Shared\BlazorFirst.Shared.csproj", "{BB76A117-791D-4EFD-8588-BD00DF0A03C4}"
EndProject
Global
	GlobalSection(SolutionConfigurationPlatforms) = preSolution
		Debug|Any CPU = Debug|Any CPU
		Release|Any CPU = Release|Any CPU
	EndGlobalSection
	GlobalSection(ProjectConfigurationPlatforms) = postSolution
		{DA3B2668-7B8D-4DA0-9382-C29B347B8C5D}.Debug|Any CPU.ActiveCfg = Debug|Any CPU
		{DA3B2668-7B8D-4DA0-9382-C29B347B8C5D}.Debug|Any CPU.Build.0 = Debug|Any CPU
		{DA3B2668-7B8D-4DA0-9382-C29B347B8C5D}.Release|Any CPU.ActiveCfg = Release|Any CPU
		{DA3B2668-7B8D-4DA0-9382-C29B347B8C5D}.Release|Any CPU.Build.0 = Release|Any CPU
		{AD572921-C2AA-44DB-82FE-074416A75F36}.Debug|Any CPU.ActiveCfg = Debug|Any CPU
		{AD572921-C2AA-44DB-82FE-074416A75F36}.Debug|Any CPU.Build.0 = Debug|Any CPU
		{AD572921-C2AA-44DB-82FE-074416A75F36}.Release|Any CPU.ActiveCfg = Release|Any CPU
		{AD572921-C2AA-44DB-82FE-074416A75F36}.Release|Any CPU.Build.0 = Release|Any CPU
		{BB76A117-791D-4EFD-8588-BD00DF0A03C4}.Debug|Any CPU.ActiveCfg = Debug|Any CPU
		{BB76A117-791D-4EFD-8588-BD00DF0A03C4}.Debug|Any CPU.Build.0 = Debug|Any CPU
		{BB76A117-791D-4EFD-8588-BD00DF0A03C4}.Release|Any CPU.ActiveCfg = Release|Any CPU
		{BB76A117-791D-4EFD-8588-BD00DF0A03C4}.Release|Any CPU.Build.0 = Release|Any CPU
	EndGlobalSection
	GlobalSection(SolutionProperties) = preSolution
		HideSolutionNode = FALSE
	EndGlobalSection
	GlobalSection(ExtensibilityGlobals) = postSolution
		SolutionGuid = {8EF8FA06-E8A9-43C9-B231-EE5781281A16}
	EndGlobalSection
EndGlobal
